
Microsoft Visual Studio Solution File, Format Version 12.00
# Visual Studio 15
VisualStudioVersion = 15.0.28307.168
MinimumVisualStudioVersion = 10.0.40219.1
Project("{FAE04EC0-301F-11D3-BF4B-00C04F79EFBC}") = "GenericTestAutomationFrameWork", "ClassLibrary1\GenericTestAutomationFrameWork.csproj", "{F5612AE1-26BF-4E66-B91B-65DD881B2269}"
EndProject
Global
	GlobalSection(SolutionConfigurationPlatforms) = preSolution
		Debug|Any CPU = Debug|Any CPU
		Release|Any CPU = Release|Any CPU
	EndGlobalSection
	GlobalSection(ProjectConfigurationPlatforms) = postSolution
		{F5612AE1-26BF-4E66-B91B-65DD881B2269}.Debug|Any CPU.ActiveCfg = Debug|Any CPU
		{F5612AE1-26BF-4E66-B91B-65DD881B2269}.Debug|Any CPU.Build.0 = Debug|Any CPU
		{F5612AE1-26BF-4E66-B91B-65DD881B2269}.Release|Any CPU.ActiveCfg = Release|Any CPU
		{F5612AE1-26BF-4E66-B91B-65DD881B2269}.Release|Any CPU.Build.0 = Release|Any CPU
	EndGlobalSection
	GlobalSection(SolutionProperties) = preSolution
		HideSolutionNode = FALSE
	EndGlobalSection
	GlobalSection(ExtensibilityGlobals) = postSolution
		SolutionGuid = {57BCBE4C-30D1-49ED-B537-71F9ECB00CF8}
	EndGlobalSection
EndGlobal
